
Microsoft Visual Studio Solution File, Format Version 12.00
Project("{FAE04EC0-301F-11D3-BF4B-00C04F79EFBC}") = "Inheritance 1", "Inheritance 1\Inheritance 1.csproj", "{E8D30A9C-70BA-46AD-A682-522E75343130}"
EndProject
Project("{FAE04EC0-301F-11D3-BF4B-00C04F79EFBC}") = "Inheritance 2", "Inheritance 2\Inheritance 2.csproj", "{60026BCA-F56C-4F2B-A04D-E0B6A74AD57B}"
EndProject
Global
	GlobalSection(SolutionConfigurationPlatforms) = preSolution
		Debug|Any CPU = Debug|Any CPU
		Release|Any CPU = Release|Any CPU
	EndGlobalSection
	GlobalSection(ProjectConfigurationPlatforms) = postSolution
		{E8D30A9C-70BA-46AD-A682-522E75343130}.Debug|Any CPU.ActiveCfg = Debug|Any CPU
		{E8D30A9C-70BA-46AD-A682-522E75343130}.Debug|Any CPU.Build.0 = Debug|Any CPU
		{E8D30A9C-70BA-46AD-A682-522E75343130}.Release|Any CPU.ActiveCfg = Release|Any CPU
		{E8D30A9C-70BA-46AD-A682-522E75343130}.Release|Any CPU.Build.0 = Release|Any CPU
		{60026BCA-F56C-4F2B-A04D-E0B6A74AD57B}.Debug|Any CPU.ActiveCfg = Debug|Any CPU
		{60026BCA-F56C-4F2B-A04D-E0B6A74AD57B}.Debug|Any CPU.Build.0 = Debug|Any CPU
		{60026BCA-F56C-4F2B-A04D-E0B6A74AD57B}.Release|Any CPU.ActiveCfg = Release|Any CPU
		{60026BCA-F56C-4F2B-A04D-E0B6A74AD57B}.Release|Any CPU.Build.0 = Release|Any CPU
	EndGlobalSection
EndGlobal
